// !$*UTF8*$!
{
	archiveVersion = 1;
	classes = {
	};
	objectVersion = 46;
	objects = {

/* Begin PBXBuildFile section */
		190FA16B1EAE47F7007A2E7E /* AppDelegate.swift in Sources */ = {isa = PBXBuildFile; fileRef = 190FA16A1EAE47F7007A2E7E /* AppDelegate.swift */; };
		190FA16D1EAE47F7007A2E7E /* ViewController.swift in Sources */ = {isa = PBXBuildFile; fileRef = 190FA16C1EAE47F7007A2E7E /* ViewController.swift */; };
		190FA1701EAE47F7007A2E7E /* Main.storyboard in Resources */ = {isa = PBXBuildFile; fileRef = 190FA16E1EAE47F7007A2E7E /* Main.storyboard */; };
		190FA1721EAE47F7007A2E7E /* Assets.xcassets in Resources */ = {isa = PBXBuildFile; fileRef = 190FA1711EAE47F7007A2E7E /* Assets.xcassets */; };
		190FA1751EAE47F7007A2E7E /* LaunchScreen.storyboard in Resources */ = {isa = PBXBuildFile; fileRef = 190FA1731EAE47F7007A2E7E /* LaunchScreen.storyboard */; };
		190FA17D1EAE4D66007A2E7E /* SwiftyJSON.swift in Sources */ = {isa = PBXBuildFile; fileRef = 190FA17C1EAE4D66007A2E7E /* SwiftyJSON.swift */; };
		190FA17F1EAE535B007A2E7E /* DetailViewController.swift in Sources */ = {isa = PBXBuildFile; fileRef = 190FA17E1EAE535B007A2E7E /* DetailViewController.swift */; };
		1953443F1EDDF37F00BAF558 /* CustomTableViewCell.swift in Sources */ = {isa = PBXBuildFile; fileRef = 1953443E1EDDF37F00BAF558 /* CustomTableViewCell.swift */; };
/* End PBXBuildFile section */

/* Begin PBXFileReference section */
		190FA1671EAE47F7007A2E7E /* Whitehouse Petitions.app */ = {isa = PBXFileReference; explicitFileType = wrapper.application; includeInIndex = 0; path = "Whitehouse Petitions.app"; sourceTree = BUILT_PRODUCTS_DIR; };
		190FA16A1EAE47F7007A2E7E /* AppDelegate.swift */ = {isa = PBXFileReference; lastKnownFileType = sourcecode.swift; path = AppDelegate.swift; sourceTree = "<group>"; };
		190FA16C1EAE47F7007A2E7E /* ViewController.swift */ = {isa = PBXFileReference; lastKnownFileType = sourcecode.swift; path = ViewController.swift; sourceTree = "<group>"; };
		190FA16F1EAE47F7007A2E7E /* Base */ = {isa = PBXFileReference; lastKnownFileType = file.storyboard; name = Base; path = Base.lproj/Main.storyboard; sourceTree = "<group>"; };
		190FA1711EAE47F7007A2E7E /* Assets.xcassets */ = {isa = PBXFileReference; lastKnownFileType = folder.assetcatalog; path = Assets.xcassets; sourceTree = "<group>"; };
		190FA1741EAE47F7007A2E7E /* Base */ = {isa = PBXFileReference; lastKnownFileType = file.storyboard; name = Base; path = Base.lproj/LaunchScreen.storyboard; sourceTree = "<group>"; };
		190FA1761EAE47F7007A2E7E /* Info.plist */ = {isa = PBXFileReference; lastKnownFileType = text.plist.xml; path = Info.plist; sourceTree = "<group>"; };
		190FA17C1EAE4D66007A2E7E /* SwiftyJSON.swift */ = {isa = PBXFileReference; fileEncoding = 4; lastKnownFileType = sourcecode.swift; path = SwiftyJSON.swift; sourceTree = "<group>"; };
		190FA17E1EAE535B007A2E7E /* DetailViewController.swift */ = {isa = PBXFileReference; fileEncoding = 4; lastKnownFileType = sourcecode.swift; path = DetailViewController.swift; sourceTree = "<group>"; };
		1953443E1EDDF37F00BAF558 /* CustomTableViewCell.swift */ = {isa = PBXFileReference; fileEncoding = 4; lastKnownFileType = sourcecode.swift; name = CustomTableViewCell.swift; path = ../CustomTableViewCell.swift; sourceTree = "<group>"; };
/* End PBXFileReference section */

/* Begin PBXFrameworksBuildPhase section */
		190FA1641EAE47F7007A2E7E /* Frameworks */ = {
			isa = PBXFrameworksBuildPhase;
			buildActionMask = 2147483647;
			files = (
			);
			runOnlyForDeploymentPostprocessing = 0;
		};
/* End PBXFrameworksBuildPhase section */

/* Begin PBXGroup section */
		190FA15E1EAE47F7007A2E7E = {
			isa = PBXGroup;
			children = (
				190FA1691EAE47F7007A2E7E /* Whitehouse Petitions */,
				190FA1681EAE47F7007A2E7E /* Products */,
			);
			sourceTree = "<group>";
		};
		190FA1681EAE47F7007A2E7E /* Products */ = {
			isa = PBXGroup;
			children = (
				190FA1671EAE47F7007A2E7E /* Whitehouse Petitions.app */,
			);
			name = Products;
			sourceTree = "<group>";
		};
		190FA1691EAE47F7007A2E7E /* Whitehouse Petitions */ = {
			isa = PBXGroup;
			children = (
				190FA16A1EAE47F7007A2E7E /* AppDelegate.swift */,
				190FA16C1EAE47F7007A2E7E /* ViewController.swift */,
				190FA16E1EAE47F7007A2E7E /* Main.storyboard */,
				190FA1711EAE47F7007A2E7E /* Assets.xcassets */,
				190FA1731EAE47F7007A2E7E /* LaunchScreen.storyboard */,
				190FA17C1EAE4D66007A2E7E /* SwiftyJSON.swift */,
				190FA1761EAE47F7007A2E7E /* Info.plist */,
				190FA17E1EAE535B007A2E7E /* DetailViewController.swift */,
				1953443E1EDDF37F00BAF558 /* CustomTableViewCell.swift */,
			);
			path = "Whitehouse Petitions";
			sourceTree = "<group>";
		};
/* End PBXGroup section */

/* Begin PBXNativeTarget section */
		190FA1661EAE47F7007A2E7E /* Whitehouse Petitions */ = {
			isa = PBXNativeTarget;
			buildConfigurationList = 190FA1791EAE47F7007A2E7E /* Build configuration list for PBXNativeTarget "Whitehouse Petitions" */;
			buildPhases = (
				190FA1631EAE47F7007A2E7E /* Sources */,
				190FA1641EAE47F7007A2E7E /* Frameworks */,
				190FA1651EAE47F7007A2E7E /* Resources */,
			);
			buildRules = (
			);
			dependencies = (
			);
			name = "Whitehouse Petitions";
			productName = "Whitehouse Petitions";
			productReference = 190FA1671EAE47F7007A2E7E /* Whitehouse Petitions.app */;
			productType = "com.apple.product-type.application";
		};
/* End PBXNativeTarget section */

/* Begin PBXProject section */
		190FA15F1EAE47F7007A2E7E /* Project object */ = {
			isa = PBXProject;
			attributes = {
				LastSwiftUpdateCheck = 0830;
				LastUpgradeCheck = 0830;
				ORGANIZATIONNAME = "Martin Nordström";
				TargetAttributes = {
					190FA1661EAE47F7007A2E7E = {
						CreatedOnToolsVersion = 8.3;
						DevelopmentTeam = 54F9T4893F;
						ProvisioningStyle = Automatic;
					};
				};
			};
			buildConfigurationList = 190FA1621EAE47F7007A2E7E /* Build configuration list for PBXProject "Whitehouse Petitions" */;
			compatibilityVersion = "Xcode 3.2";
			developmentRegion = English;
			hasScannedForEncodings = 0;
			knownRegions = (
				en,
				Base,
			);
			mainGroup = 190FA15E1EAE47F7007A2E7E;
			productRefGroup = 190FA1681EAE47F7007A2E7E /* Products */;
			projectDirPath = "";
			projectRoot = "";
			targets = (
				190FA1661EAE47F7007A2E7E /* Whitehouse Petitions */,
			);
		};
/* End PBXProject section */

/* Begin PBXResourcesBuildPhase section */
		190FA1651EAE47F7007A2E7E /* Resources */ = {
			isa = PBXResourcesBuildPhase;
			buildActionMask = 2147483647;
			files = (
				190FA1751EAE47F7007A2E7E /* LaunchScreen.storyboard in Resources */,
				190FA1721EAE47F7007A2E7E /* Assets.xcassets in Resources */,
				190FA1701EAE47F7007A2E7E /* Main.storyboard in Resources */,
			);
			runOnlyForDeploymentPostprocessing = 0;
		};
/* End PBXResourcesBuildPhase section */

/* Begin PBXSourcesBuildPhase section */
		190FA1631EAE47F7007A2E7E /* Sources */ = {
			isa = PBXSourcesBuildPhase;
			buildActionMask = 2147483647;
			files = (
				190FA17F1EAE535B007A2E7E /* DetailViewController.swift in Sources */,
				1953443F1EDDF37F00BAF558 /* CustomTableViewCell.swift in Sources */,
				190FA17D1EAE4D66007A2E7E /* SwiftyJSON.swift in Sources */,
				190FA16D1EAE47F7007A2E7E /* ViewController.swift in Sources */,
				190FA16B1EAE47F7007A2E7E /* AppDelegate.swift in Sources */,
			);
			runOnlyForDeploymentPostprocessing = 0;
		};
/* End PBXSourcesBuildPhase section */

/* Begin PBXVariantGroup section */
		190FA16E1EAE47F7007A2E7E /* Main.storyboard */ = {
			isa = PBXVariantGroup;
			children = (
				190FA16F1EAE47F7007A2E7E /* Base */,
			);
			name = Main.storyboard;
			sourceTree = "<group>";
		};
		190FA1731EAE47F7007A2E7E /* LaunchScreen.storyboard */ = {
			isa = PBXVariantGroup;
			children = (
				190FA1741EAE47F7007A2E7E /* Base */,
			);
			name = LaunchScreen.storyboard;
			sourceTree = "<group>";
		};
/* End PBXVariantGroup section */

/* Begin XCBuildConfiguration section */
		190FA1771EAE47F7007A2E7E /* Debug */ = {
			isa = XCBuildConfiguration;
			buildSettings = {
				ALWAYS_SEARCH_USER_PATHS = NO;
				CLANG_ANALYZER_NONNULL = YES;
				CLANG_ANALYZER_NUMBER_OBJECT_CONVERSION = YES_AGGRESSIVE;
				CLANG_CXX_LANGUAGE_STANDARD = "gnu++0x";
				CLANG_CXX_LIBRARY = "libc++";
				CLANG_ENABLE_MODULES = YES;
				CLANG_ENABLE_OBJC_ARC = YES;
				CLANG_WARN_BOOL_CONVERSION = YES;
				CLANG_WARN_CONSTANT_CONVERSION = YES;
				CLANG_WARN_DIRECT_OBJC_ISA_USAGE = YES_ERROR;
				CLANG_WARN_DOCUMENTATION_COMMENTS = YES;
				CLANG_WARN_EMPTY_BODY = YES;
				CLANG_WARN_ENUM_CONVERSION = YES;
				CLANG_WARN_INFINITE_RECURSION = YES;
				CLANG_WARN_INT_CONVERSION = YES;
				CLANG_WARN_OBJC_ROOT_CLASS = YES_ERROR;
				CLANG_WARN_SUSPICIOUS_MOVE = YES;
				CLANG_WARN_UNREACHABLE_CODE = YES;
				CLANG_WARN__DUPLICATE_METHOD_MATCH = YES;
				"CODE_SIGN_IDENTITY[sdk=iphoneos*]" = "iPhone Developer";
				COPY_PHASE_STRIP = NO;
				DEBUG_INFORMATION_FORMAT = dwarf;
				ENABLE_STRICT_OBJC_MSGSEND = YES;
				ENABLE_TESTABILITY = YES;
				GCC_C_LANGUAGE_STANDARD = gnu99;
				GCC_DYNAMIC_NO_PIC = NO;
				GCC_NO_COMMON_BLOCKS = YES;
				GCC_OPTIMIZATION_LEVEL = 0;
				GCC_PREPROCESSOR_DEFINITIONS = (
					"DEBUG=1",
					"$(inherited)",
				);
				GCC_WARN_64_TO_32_BIT_CONVERSION = YES;
				GCC_WARN_ABOUT_RETURN_TYPE = YES_ERROR;
				GCC_WARN_UNDECLARED_SELECTOR = YES;
				GCC_WARN_UNINITIALIZED_AUTOS = YES_AGGRESSIVE;
				GCC_WARN_UNUSED_FUNCTION = YES;
				GCC_WARN_UNUSED_VARIABLE = YES;
				IPHONEOS_DEPLOYMENT_TARGET = 10.3;
				MTL_ENABLE_DEBUG_INFO = YES;
				ONLY_ACTIVE_ARCH = YES;
				SDKROOT = iphoneos;
				SWIFT_ACTIVE_COMPILATION_CONDITIONS = DEBUG;
				SWIFT_OPTIMIZATION_LEVEL = "-Onone";
			};
			name = Debug;
		};
		190FA1781EAE47F7007A2E7E /* Release */ = {
			isa = XCBuildConfiguration;
			buildSettings = {
				ALWAYS_SEARCH_USER_PATHS = NO;
				CLANG_ANALYZER_NONNULL = YES;
				CLANG_ANALYZER_NUMBER_OBJECT_CONVERSION = YES_AGGRESSIVE;
				CLANG_CXX_LANGUAGE_STANDARD = "gnu++0x";
				CLANG_CXX_LIBRARY = "libc++";
				CLANG_ENABLE_MODULES = YES;
				CLANG_ENABLE_OBJC_ARC = YES;
				CLANG_WARN_BOOL_CONVERSION = YES;
				CLANG_WARN_CONSTANT_CONVERSION = YES;
				CLANG_WARN_DIRECT_OBJC_ISA_USAGE = YES_ERROR;
				CLANG_WARN_DOCUMENTATION_COMMENTS = YES;
				CLANG_WARN_EMPTY_BODY = YES;
				CLANG_WARN_ENUM_CONVERSION = YES;
				CLANG_WARN_INFINITE_RECURSION = YES;
				CLANG_WARN_INT_CONVERSION = YES;
				CLANG_WARN_OBJC_ROOT_CLASS = YES_ERROR;
				CLANG_WARN_SUSPICIOUS_MOVE = YES;
				CLANG_WARN_UNREACHABLE_CODE = YES;
				CLANG_WARN__DUPLICATE_METHOD_MATCH = YES;
				"CODE_SIGN_IDENTITY[sdk=iphoneos*]" = "iPhone Developer";
				COPY_PHASE_STRIP = NO;
				DEBUG_INFORMATION_FORMAT = "dwarf-with-dsym";
				ENABLE_NS_ASSERTIONS = NO;
				ENABLE_STRICT_OBJC_MSGSEND = YES;
				GCC_C_LANGUAGE_STANDARD = gnu99;
				GCC_NO_COMMON_BLOCKS = YES;
				GCC_WARN_64_TO_32_BIT_CONVERSION = YES;
				GCC_WARN_ABOUT_RETURN_TYPE = YES_ERROR;
				GCC_WARN_UNDECLARED_SELECTOR = YES;
				GCC_WARN_UNINITIALIZED_AUTOS = YES_AGGRESSIVE;
				GCC_WARN_UNUSED_FUNCTION = YES;
				GCC_WARN_UNUSED_VARIABLE = YES;
				IPHONEOS_DEPLOYMENT_TARGET = 10.3;
				MTL_ENABLE_DEBUG_INFO = NO;
				SDKROOT = iphoneos;
				SWIFT_OPTIMIZATION_LEVEL = "-Owholemodule";
				VALIDATE_PRODUCT = YES;
			};
			name = Release;
		};
		190FA17A1EAE47F7007A2E7E /* Debug */ = {
			isa = XCBuildConfiguration;
			buildSettings = {
				ASSETCATALOG_COMPILER_APPICON_NAME = AppIcon;
				DEVELOPMENT_TEAM = 54F9T4893F;
				INFOPLIST_FILE = "Whitehouse Petitions/Info.plist";
				LD_RUNPATH_SEARCH_PATHS = "$(inherited) @executable_path/Frameworks";
				PRODUCT_BUNDLE_IDENTIFIER = "com.MartinNord.Whitehouse-Petitions";
				PRODUCT_NAME = "$(TARGET_NAME)";
				SWIFT_VERSION = 3.0;
			};
			name = Debug;
		};
		190FA17B1EAE47F7007A2E7E /* Release */ = {
			isa = XCBuildConfiguration;
			buildSettings = {
				ASSETCATALOG_COMPILER_APPICON_NAME = AppIcon;
				DEVELOPMENT_TEAM = 54F9T4893F;
				INFOPLIST_FILE = "Whitehouse Petitions/Info.plist";
				LD_RUNPATH_SEARCH_PATHS = "$(inherited) @executable_path/Frameworks";
				PRODUCT_BUNDLE_IDENTIFIER = "com.MartinNord.Whitehouse-Petitions";
				PRODUCT_NAME = "$(TARGET_NAME)";
				SWIFT_VERSION = 3.0;
			};
			name = Release;
		};
/* End XCBuildConfiguration section */

/* Begin XCConfigurationList section */
		190FA1621EAE47F7007A2E7E /* Build configuration list for PBXProject "Whitehouse Petitions" */ = {
			isa = XCConfigurationList;
			buildConfigurations = (
				190FA1771EAE47F7007A2E7E /* Debug */,
				190FA1781EAE47F7007A2E7E /* Release */,
			);
			defaultConfigurationIsVisible = 0;
			defaultConfigurationName = Release;
		};
		190FA1791EAE47F7007A2E7E /* Build configuration list for PBXNativeTarget "Whitehouse Petitions" */ = {
			isa = XCConfigurationList;
			buildConfigurations = (
				190FA17A1EAE47F7007A2E7E /* Debug */,
				190FA17B1EAE47F7007A2E7E /* Release */,
			);
			defaultConfigurationIsVisible = 0;
			defaultConfigurationName = Release;
		};
/* End XCConfigurationList section */
	};
	rootObject = 190FA15F1EAE47F7007A2E7E /* Project object */;
}
